
Microsoft Visual Studio Solution File, Format Version 12.00
# Visual Studio Version 16
VisualStudioVersion = 16.0.30309.148
MinimumVisualStudioVersion = 10.0.40219.1
Project("{9A19103F-16F7-4668-BE54-9A1E7A4F7556}") = "GreatProject", "GreatProject.csproj", "{E7E69E27-ED8E-400C-AA79-173C9EE2D953}"
EndProject
Project("{E24C65DC-7377-472B-9ABA-BC803B73C61A}") = "GreatProject.UI", "GreatProject.UI\", "{23C868DA-06C4-47E1-8730-23BF0C32710D}"
	ProjectSection(WebsiteProperties) = preProject
		TargetFrameworkMoniker = ".NETFramework,Version%3Dv4.0"
		Debug.AspNetCompiler.VirtualPath = "/localhost_54664"
		Debug.AspNetCompiler.PhysicalPath = "GreatProject.UI\"
		Debug.AspNetCompiler.TargetPath = "PrecompiledWeb\localhost_54664\"
		Debug.AspNetCompiler.Updateable = "true"
		Debug.AspNetCompiler.ForceOverwrite = "true"
		Debug.AspNetCompiler.FixedNames = "false"
		Debug.AspNetCompiler.Debug = "True"
		Release.AspNetCompiler.VirtualPath = "/localhost_54664"
		Release.AspNetCompiler.PhysicalPath = "GreatProject.UI\"
		Release.AspNetCompiler.TargetPath = "PrecompiledWeb\localhost_54664\"
		Release.AspNetCompiler.Updateable = "true"
		Release.AspNetCompiler.ForceOverwrite = "true"
		Release.AspNetCompiler.FixedNames = "false"
		Release.AspNetCompiler.Debug = "False"
		VWDPort = "54664"
		SlnRelativePath = "GreatProject.UI\"
	EndProjectSection
EndProject
Global
	GlobalSection(SolutionConfigurationPlatforms) = preSolution
		Debug|Any CPU = Debug|Any CPU
		Release|Any CPU = Release|Any CPU
	EndGlobalSection
	GlobalSection(ProjectConfigurationPlatforms) = postSolution
		{E7E69E27-ED8E-400C-AA79-173C9EE2D953}.Debug|Any CPU.ActiveCfg = Debug|Any CPU
		{E7E69E27-ED8E-400C-AA79-173C9EE2D953}.Debug|Any CPU.Build.0 = Debug|Any CPU
		{E7E69E27-ED8E-400C-AA79-173C9EE2D953}.Release|Any CPU.ActiveCfg = Release|Any CPU
		{E7E69E27-ED8E-400C-AA79-173C9EE2D953}.Release|Any CPU.Build.0 = Release|Any CPU
		{23C868DA-06C4-47E1-8730-23BF0C32710D}.Debug|Any CPU.ActiveCfg = Debug|Any CPU
		{23C868DA-06C4-47E1-8730-23BF0C32710D}.Debug|Any CPU.Build.0 = Debug|Any CPU
		{23C868DA-06C4-47E1-8730-23BF0C32710D}.Release|Any CPU.ActiveCfg = Debug|Any CPU
		{23C868DA-06C4-47E1-8730-23BF0C32710D}.Release|Any CPU.Build.0 = Debug|Any CPU
	EndGlobalSection
	GlobalSection(SolutionProperties) = preSolution
		HideSolutionNode = FALSE
	EndGlobalSection
	GlobalSection(ExtensibilityGlobals) = postSolution
		SolutionGuid = {BE665982-FB8C-4DEC-BEEA-A2AA8925989B}
	EndGlobalSection
EndGlobal
